// !$*UTF8*$!
{
	archiveVersion = 1;
	classes = {
	};
	objectVersion = 48;
	objects = {

/* Begin PBXBuildFile section */
		E87A36D31FE0767D003D6C1D /* AppDelegate.swift in Sources */ = {isa = PBXBuildFile; fileRef = E87A36D21FE0767D003D6C1D /* AppDelegate.swift */; };
		E87A36D51FE0767D003D6C1D /* ViewController.swift in Sources */ = {isa = PBXBuildFile; fileRef = E87A36D41FE0767D003D6C1D /* ViewController.swift */; };
		E87A36D81FE0767D003D6C1D /* Main.storyboard in Resources */ = {isa = PBXBuildFile; fileRef = E87A36D61FE0767D003D6C1D /* Main.storyboard */; };
		E87A36DA1FE0767D003D6C1D /* Assets.xcassets in Resources */ = {isa = PBXBuildFile; fileRef = E87A36D91FE0767D003D6C1D /* Assets.xcassets */; };
		E87A36DD1FE0767D003D6C1D /* LaunchScreen.storyboard in Resources */ = {isa = PBXBuildFile; fileRef = E87A36DB1FE0767D003D6C1D /* LaunchScreen.storyboard */; };
		E87A36FC1FE0778C003D6C1D /* quote10.mp3 in Resources */ = {isa = PBXBuildFile; fileRef = E87A36E51FE07788003D6C1D /* quote10.mp3 */; };
		E87A36FD1FE0778C003D6C1D /* quote8.mp3 in Resources */ = {isa = PBXBuildFile; fileRef = E87A36E61FE07788003D6C1D /* quote8.mp3 */; };
		E87A36FE1FE0778C003D6C1D /* quote12.mp3 in Resources */ = {isa = PBXBuildFile; fileRef = E87A36E71FE07788003D6C1D /* quote12.mp3 */; };
		E87A36FF1FE0778C003D6C1D /* quote1.mp3 in Resources */ = {isa = PBXBuildFile; fileRef = E87A36E81FE07788003D6C1D /* quote1.mp3 */; };
		E87A37001FE0778C003D6C1D /* quote4.mp3 in Resources */ = {isa = PBXBuildFile; fileRef = E87A36E91FE07788003D6C1D /* quote4.mp3 */; };
		E87A37011FE0778C003D6C1D /* quote15.mp3 in Resources */ = {isa = PBXBuildFile; fileRef = E87A36EA1FE07788003D6C1D /* quote15.mp3 */; };
		E87A37021FE0778C003D6C1D /* quote16.mp3 in Resources */ = {isa = PBXBuildFile; fileRef = E87A36EB1FE07789003D6C1D /* quote16.mp3 */; };
		E87A37031FE0778C003D6C1D /* quote19.mp3 in Resources */ = {isa = PBXBuildFile; fileRef = E87A36EC1FE07789003D6C1D /* quote19.mp3 */; };
		E87A37041FE0778C003D6C1D /* quote5.mp3 in Resources */ = {isa = PBXBuildFile; fileRef = E87A36ED1FE07789003D6C1D /* quote5.mp3 */; };
		E87A37051FE0778C003D6C1D /* quote6.mp3 in Resources */ = {isa = PBXBuildFile; fileRef = E87A36EE1FE07789003D6C1D /* quote6.mp3 */; };
		E87A37061FE0778C003D6C1D /* MarchaImperial.mp3 in Resources */ = {isa = PBXBuildFile; fileRef = E87A36EF1FE0778A003D6C1D /* MarchaImperial.mp3 */; };
		E87A37071FE0778C003D6C1D /* quizes.json in Resources */ = {isa = PBXBuildFile; fileRef = E87A36F01FE0778A003D6C1D /* quizes.json */; };
		E87A37081FE0778C003D6C1D /* options.json in Resources */ = {isa = PBXBuildFile; fileRef = E87A36F11FE0778A003D6C1D /* options.json */; };
		E87A37091FE0778C003D6C1D /* quote11.mp3 in Resources */ = {isa = PBXBuildFile; fileRef = E87A36F21FE0778A003D6C1D /* quote11.mp3 */; };
		E87A370A1FE0778C003D6C1D /* quote13.mp3 in Resources */ = {isa = PBXBuildFile; fileRef = E87A36F31FE0778A003D6C1D /* quote13.mp3 */; };
		E87A370B1FE0778C003D6C1D /* quote20.mp3 in Resources */ = {isa = PBXBuildFile; fileRef = E87A36F41FE0778A003D6C1D /* quote20.mp3 */; };
		E87A370C1FE0778C003D6C1D /* quote17.mp3 in Resources */ = {isa = PBXBuildFile; fileRef = E87A36F51FE0778B003D6C1D /* quote17.mp3 */; };
		E87A370D1FE0778C003D6C1D /* quote2.mp3 in Resources */ = {isa = PBXBuildFile; fileRef = E87A36F61FE0778B003D6C1D /* quote2.mp3 */; };
		E87A370E1FE0778C003D6C1D /* quote14.mp3 in Resources */ = {isa = PBXBuildFile; fileRef = E87A36F71FE0778B003D6C1D /* quote14.mp3 */; };
		E87A370F1FE0778C003D6C1D /* quote9.mp3 in Resources */ = {isa = PBXBuildFile; fileRef = E87A36F81FE0778B003D6C1D /* quote9.mp3 */; };
		E87A37101FE0778C003D6C1D /* quote3.mp3 in Resources */ = {isa = PBXBuildFile; fileRef = E87A36F91FE0778B003D6C1D /* quote3.mp3 */; };
		E87A37111FE0778C003D6C1D /* quote7.mp3 in Resources */ = {isa = PBXBuildFile; fileRef = E87A36FA1FE0778B003D6C1D /* quote7.mp3 */; };
		E87A37121FE0778C003D6C1D /* quote18.mp3 in Resources */ = {isa = PBXBuildFile; fileRef = E87A36FB1FE0778C003D6C1D /* quote18.mp3 */; };
		E87CB2121FE4156E00D9DBDD /* GameOverViewController.swift in Sources */ = {isa = PBXBuildFile; fileRef = E87CB2111FE4156E00D9DBDD /* GameOverViewController.swift */; };
		E87CB2141FE4194A00D9DBDD /* QuizManager.swift in Sources */ = {isa = PBXBuildFile; fileRef = E87CB2131FE4194A00D9DBDD /* QuizManager.swift */; };
/* End PBXBuildFile section */

/* Begin PBXFileReference section */
		E87A36CF1FE0767D003D6C1D /* MovieQuiz.app */ = {isa = PBXFileReference; explicitFileType = wrapper.application; includeInIndex = 0; path = MovieQuiz.app; sourceTree = BUILT_PRODUCTS_DIR; };
		E87A36D21FE0767D003D6C1D /* AppDelegate.swift */ = {isa = PBXFileReference; lastKnownFileType = sourcecode.swift; path = AppDelegate.swift; sourceTree = "<group>"; };
		E87A36D41FE0767D003D6C1D /* ViewController.swift */ = {isa = PBXFileReference; lastKnownFileType = sourcecode.swift; path = ViewController.swift; sourceTree = "<group>"; };
		E87A36D71FE0767D003D6C1D /* Base */ = {isa = PBXFileReference; lastKnownFileType = file.storyboard; name = Base; path = Base.lproj/Main.storyboard; sourceTree = "<group>"; };
		E87A36D91FE0767D003D6C1D /* Assets.xcassets */ = {isa = PBXFileReference; lastKnownFileType = folder.assetcatalog; path = Assets.xcassets; sourceTree = "<group>"; };
		E87A36DC1FE0767D003D6C1D /* Base */ = {isa = PBXFileReference; lastKnownFileType = file.storyboard; name = Base; path = Base.lproj/LaunchScreen.storyboard; sourceTree = "<group>"; };
		E87A36DE1FE0767D003D6C1D /* Info.plist */ = {isa = PBXFileReference; lastKnownFileType = text.plist.xml; path = Info.plist; sourceTree = "<group>"; };
		E87A36E51FE07788003D6C1D /* quote10.mp3 */ = {isa = PBXFileReference; lastKnownFileType = audio.mp3; path = quote10.mp3; sourceTree = "<group>"; };
		E87A36E61FE07788003D6C1D /* quote8.mp3 */ = {isa = PBXFileReference; lastKnownFileType = audio.mp3; path = quote8.mp3; sourceTree = "<group>"; };
		E87A36E71FE07788003D6C1D /* quote12.mp3 */ = {isa = PBXFileReference; lastKnownFileType = audio.mp3; path = quote12.mp3; sourceTree = "<group>"; };
		E87A36E81FE07788003D6C1D /* quote1.mp3 */ = {isa = PBXFileReference; lastKnownFileType = audio.mp3; path = quote1.mp3; sourceTree = "<group>"; };
		E87A36E91FE07788003D6C1D /* quote4.mp3 */ = {isa = PBXFileReference; lastKnownFileType = audio.mp3; path = quote4.mp3; sourceTree = "<group>"; };
		E87A36EA1FE07788003D6C1D /* quote15.mp3 */ = {isa = PBXFileReference; lastKnownFileType = audio.mp3; path = quote15.mp3; sourceTree = "<group>"; };
		E87A36EB1FE07789003D6C1D /* quote16.mp3 */ = {isa = PBXFileReference; lastKnownFileType = audio.mp3; path = quote16.mp3; sourceTree = "<group>"; };
		E87A36EC1FE07789003D6C1D /* quote19.mp3 */ = {isa = PBXFileReference; lastKnownFileType = audio.mp3; path = quote19.mp3; sourceTree = "<group>"; };
		E87A36ED1FE07789003D6C1D /* quote5.mp3 */ = {isa = PBXFileReference; lastKnownFileType = audio.mp3; path = quote5.mp3; sourceTree = "<group>"; };
		E87A36EE1FE07789003D6C1D /* quote6.mp3 */ = {isa = PBXFileReference; lastKnownFileType = audio.mp3; path = quote6.mp3; sourceTree = "<group>"; };
		E87A36EF1FE0778A003D6C1D /* MarchaImperial.mp3 */ = {isa = PBXFileReference; lastKnownFileType = audio.mp3; path = MarchaImperial.mp3; sourceTree = "<group>"; };
		E87A36F01FE0778A003D6C1D /* quizes.json */ = {isa = PBXFileReference; fileEncoding = 4; lastKnownFileType = text.json; path = quizes.json; sourceTree = "<group>"; };
		E87A36F11FE0778A003D6C1D /* options.json */ = {isa = PBXFileReference; fileEncoding = 4; lastKnownFileType = text.json; path = options.json; sourceTree = "<group>"; };
		E87A36F21FE0778A003D6C1D /* quote11.mp3 */ = {isa = PBXFileReference; lastKnownFileType = audio.mp3; path = quote11.mp3; sourceTree = "<group>"; };
		E87A36F31FE0778A003D6C1D /* quote13.mp3 */ = {isa = PBXFileReference; lastKnownFileType = audio.mp3; path = quote13.mp3; sourceTree = "<group>"; };
		E87A36F41FE0778A003D6C1D /* quote20.mp3 */ = {isa = PBXFileReference; lastKnownFileType = audio.mp3; path = quote20.mp3; sourceTree = "<group>"; };
		E87A36F51FE0778B003D6C1D /* quote17.mp3 */ = {isa = PBXFileReference; lastKnownFileType = audio.mp3; path = quote17.mp3; sourceTree = "<group>"; };
		E87A36F61FE0778B003D6C1D /* quote2.mp3 */ = {isa = PBXFileReference; lastKnownFileType = audio.mp3; path = quote2.mp3; sourceTree = "<group>"; };
		E87A36F71FE0778B003D6C1D /* quote14.mp3 */ = {isa = PBXFileReference; lastKnownFileType = audio.mp3; path = quote14.mp3; sourceTree = "<group>"; };
		E87A36F81FE0778B003D6C1D /* quote9.mp3 */ = {isa = PBXFileReference; lastKnownFileType = audio.mp3; path = quote9.mp3; sourceTree = "<group>"; };
		E87A36F91FE0778B003D6C1D /* quote3.mp3 */ = {isa = PBXFileReference; lastKnownFileType = audio.mp3; path = quote3.mp3; sourceTree = "<group>"; };
		E87A36FA1FE0778B003D6C1D /* quote7.mp3 */ = {isa = PBXFileReference; lastKnownFileType = audio.mp3; path = quote7.mp3; sourceTree = "<group>"; };
		E87A36FB1FE0778C003D6C1D /* quote18.mp3 */ = {isa = PBXFileReference; lastKnownFileType = audio.mp3; path = quote18.mp3; sourceTree = "<group>"; };
		E87CB2111FE4156E00D9DBDD /* GameOverViewController.swift */ = {isa = PBXFileReference; lastKnownFileType = sourcecode.swift; path = GameOverViewController.swift; sourceTree = "<group>"; };
		E87CB2131FE4194A00D9DBDD /* QuizManager.swift */ = {isa = PBXFileReference; lastKnownFileType = sourcecode.swift; path = QuizManager.swift; sourceTree = "<group>"; };
/* End PBXFileReference section */

/* Begin PBXFrameworksBuildPhase section */
		E87A36CC1FE0767D003D6C1D /* Frameworks */ = {
			isa = PBXFrameworksBuildPhase;
			buildActionMask = 2147483647;
			files = (
			);
			runOnlyForDeploymentPostprocessing = 0;
		};
/* End PBXFrameworksBuildPhase section */

/* Begin PBXGroup section */
		E87A36C61FE0767D003D6C1D = {
			isa = PBXGroup;
			children = (
				E87A36D11FE0767D003D6C1D /* MovieQuiz */,
				E87A36D01FE0767D003D6C1D /* Products */,
			);
			sourceTree = "<group>";
		};
		E87A36D01FE0767D003D6C1D /* Products */ = {
			isa = PBXGroup;
			children = (
				E87A36CF1FE0767D003D6C1D /* MovieQuiz.app */,
			);
			name = Products;
			sourceTree = "<group>";
		};
		E87A36D11FE0767D003D6C1D /* MovieQuiz */ = {
			isa = PBXGroup;
			children = (
				E87A36E41FE07779003D6C1D /* Files */,
				E87A36D21FE0767D003D6C1D /* AppDelegate.swift */,
				E87A36D41FE0767D003D6C1D /* ViewController.swift */,
				E87A36D61FE0767D003D6C1D /* Main.storyboard */,
				E87A36D91FE0767D003D6C1D /* Assets.xcassets */,
				E87A36DB1FE0767D003D6C1D /* LaunchScreen.storyboard */,
				E87A36DE1FE0767D003D6C1D /* Info.plist */,
				E87CB2111FE4156E00D9DBDD /* GameOverViewController.swift */,
				E87CB2131FE4194A00D9DBDD /* QuizManager.swift */,
			);
			path = MovieQuiz;
			sourceTree = "<group>";
		};
		E87A36E41FE07779003D6C1D /* Files */ = {
			isa = PBXGroup;
			children = (
				E87A36EF1FE0778A003D6C1D /* MarchaImperial.mp3 */,
				E87A36F11FE0778A003D6C1D /* options.json */,
				E87A36F01FE0778A003D6C1D /* quizes.json */,
				E87A36E81FE07788003D6C1D /* quote1.mp3 */,
				E87A36F61FE0778B003D6C1D /* quote2.mp3 */,
				E87A36F91FE0778B003D6C1D /* quote3.mp3 */,
				E87A36E91FE07788003D6C1D /* quote4.mp3 */,
				E87A36ED1FE07789003D6C1D /* quote5.mp3 */,
				E87A36EE1FE07789003D6C1D /* quote6.mp3 */,
				E87A36FA1FE0778B003D6C1D /* quote7.mp3 */,
				E87A36E61FE07788003D6C1D /* quote8.mp3 */,
				E87A36F81FE0778B003D6C1D /* quote9.mp3 */,
				E87A36E51FE07788003D6C1D /* quote10.mp3 */,
				E87A36F21FE0778A003D6C1D /* quote11.mp3 */,
				E87A36E71FE07788003D6C1D /* quote12.mp3 */,
				E87A36F31FE0778A003D6C1D /* quote13.mp3 */,
				E87A36F71FE0778B003D6C1D /* quote14.mp3 */,
				E87A36EA1FE07788003D6C1D /* quote15.mp3 */,
				E87A36EB1FE07789003D6C1D /* quote16.mp3 */,
				E87A36F51FE0778B003D6C1D /* quote17.mp3 */,
				E87A36FB1FE0778C003D6C1D /* quote18.mp3 */,
				E87A36EC1FE07789003D6C1D /* quote19.mp3 */,
				E87A36F41FE0778A003D6C1D /* quote20.mp3 */,
			);
			path = Files;
			sourceTree = "<group>";
		};
/* End PBXGroup section */

/* Begin PBXNativeTarget section */
		E87A36CE1FE0767D003D6C1D /* MovieQuiz */ = {
			isa = PBXNativeTarget;
			buildConfigurationList = E87A36E11FE0767D003D6C1D /* Build configuration list for PBXNativeTarget "MovieQuiz" */;
			buildPhases = (
				E87A36CB1FE0767D003D6C1D /* Sources */,
				E87A36CC1FE0767D003D6C1D /* Frameworks */,
				E87A36CD1FE0767D003D6C1D /* Resources */,
			);
			buildRules = (
			);
			dependencies = (
			);
			name = MovieQuiz;
			productName = MovieQuiz;
			productReference = E87A36CF1FE0767D003D6C1D /* MovieQuiz.app */;
			productType = "com.apple.product-type.application";
		};
/* End PBXNativeTarget section */

/* Begin PBXProject section */
		E87A36C71FE0767D003D6C1D /* Project object */ = {
			isa = PBXProject;
			attributes = {
				LastSwiftUpdateCheck = 0920;
				LastUpgradeCheck = 0920;
				ORGANIZATIONNAME = "Lucas Inocencio";
				TargetAttributes = {
					E87A36CE1FE0767D003D6C1D = {
						CreatedOnToolsVersion = 9.2;
						ProvisioningStyle = Automatic;
					};
				};
			};
			buildConfigurationList = E87A36CA1FE0767D003D6C1D /* Build configuration list for PBXProject "MovieQuiz" */;
			compatibilityVersion = "Xcode 8.0";
			developmentRegion = en;
			hasScannedForEncodings = 0;
			knownRegions = (
				en,
				Base,
			);
			mainGroup = E87A36C61FE0767D003D6C1D;
			productRefGroup = E87A36D01FE0767D003D6C1D /* Products */;
			projectDirPath = "";
			projectRoot = "";
			targets = (
				E87A36CE1FE0767D003D6C1D /* MovieQuiz */,
			);
		};
/* End PBXProject section */

/* Begin PBXResourcesBuildPhase section */
		E87A36CD1FE0767D003D6C1D /* Resources */ = {
			isa = PBXResourcesBuildPhase;
			buildActionMask = 2147483647;
			files = (
				E87A37081FE0778C003D6C1D /* options.json in Resources */,
				E87A37101FE0778C003D6C1D /* quote3.mp3 in Resources */,
				E87A36FC1FE0778C003D6C1D /* quote10.mp3 in Resources */,
				E87A36DD1FE0767D003D6C1D /* LaunchScreen.storyboard in Resources */,
				E87A37031FE0778C003D6C1D /* quote19.mp3 in Resources */,
				E87A37051FE0778C003D6C1D /* quote6.mp3 in Resources */,
				E87A37091FE0778C003D6C1D /* quote11.mp3 in Resources */,
				E87A37111FE0778C003D6C1D /* quote7.mp3 in Resources */,
				E87A37011FE0778C003D6C1D /* quote15.mp3 in Resources */,
				E87A37001FE0778C003D6C1D /* quote4.mp3 in Resources */,
				E87A370F1FE0778C003D6C1D /* quote9.mp3 in Resources */,
				E87A370D1FE0778C003D6C1D /* quote2.mp3 in Resources */,
				E87A36FF1FE0778C003D6C1D /* quote1.mp3 in Resources */,
				E87A370B1FE0778C003D6C1D /* quote20.mp3 in Resources */,
				E87A36FE1FE0778C003D6C1D /* quote12.mp3 in Resources */,
				E87A370E1FE0778C003D6C1D /* quote14.mp3 in Resources */,
				E87A37021FE0778C003D6C1D /* quote16.mp3 in Resources */,
				E87A36FD1FE0778C003D6C1D /* quote8.mp3 in Resources */,
				E87A36DA1FE0767D003D6C1D /* Assets.xcassets in Resources */,
				E87A37071FE0778C003D6C1D /* quizes.json in Resources */,
				E87A37121FE0778C003D6C1D /* quote18.mp3 in Resources */,
				E87A370C1FE0778C003D6C1D /* quote17.mp3 in Resources */,
				E87A37061FE0778C003D6C1D /* MarchaImperial.mp3 in Resources */,
				E87A36D81FE0767D003D6C1D /* Main.storyboard in Resources */,
				E87A37041FE0778C003D6C1D /* quote5.mp3 in Resources */,
				E87A370A1FE0778C003D6C1D /* quote13.mp3 in Resources */,
			);
			runOnlyForDeploymentPostprocessing = 0;
		};
/* End PBXResourcesBuildPhase section */

/* Begin PBXSourcesBuildPhase section */
		E87A36CB1FE0767D003D6C1D /* Sources */ = {
			isa = PBXSourcesBuildPhase;
			buildActionMask = 2147483647;
			files = (
				E87CB2141FE4194A00D9DBDD /* QuizManager.swift in Sources */,
				E87A36D51FE0767D003D6C1D /* ViewController.swift in Sources */,
				E87A36D31FE0767D003D6C1D /* AppDelegate.swift in Sources */,
				E87CB2121FE4156E00D9DBDD /* GameOverViewController.swift in Sources */,
			);
			runOnlyForDeploymentPostprocessing = 0;
		};
/* End PBXSourcesBuildPhase section */

/* Begin PBXVariantGroup section */
		E87A36D61FE0767D003D6C1D /* Main.storyboard */ = {
			isa = PBXVariantGroup;
			children = (
				E87A36D71FE0767D003D6C1D /* Base */,
			);
			name = Main.storyboard;
			sourceTree = "<group>";
		};
		E87A36DB1FE0767D003D6C1D /* LaunchScreen.storyboard */ = {
			isa = PBXVariantGroup;
			children = (
				E87A36DC1FE0767D003D6C1D /* Base */,
			);
			name = LaunchScreen.storyboard;
			sourceTree = "<group>";
		};
/* End PBXVariantGroup section */

/* Begin XCBuildConfiguration section */
		E87A36DF1FE0767D003D6C1D /* Debug */ = {
			isa = XCBuildConfiguration;
			buildSettings = {
				ALWAYS_SEARCH_USER_PATHS = NO;
				CLANG_ANALYZER_NONNULL = YES;
				CLANG_ANALYZER_NUMBER_OBJECT_CONVERSION = YES_AGGRESSIVE;
				CLANG_CXX_LANGUAGE_STANDARD = "gnu++14";
				CLANG_CXX_LIBRARY = "libc++";
				CLANG_ENABLE_MODULES = YES;
				CLANG_ENABLE_OBJC_ARC = YES;
				CLANG_WARN_BLOCK_CAPTURE_AUTORELEASING = YES;
				CLANG_WARN_BOOL_CONVERSION = YES;
				CLANG_WARN_COMMA = YES;
				CLANG_WARN_CONSTANT_CONVERSION = YES;
				CLANG_WARN_DIRECT_OBJC_ISA_USAGE = YES_ERROR;
				CLANG_WARN_DOCUMENTATION_COMMENTS = YES;
				CLANG_WARN_EMPTY_BODY = YES;
				CLANG_WARN_ENUM_CONVERSION = YES;
				CLANG_WARN_INFINITE_RECURSION = YES;
				CLANG_WARN_INT_CONVERSION = YES;
				CLANG_WARN_NON_LITERAL_NULL_CONVERSION = YES;
				CLANG_WARN_OBJC_LITERAL_CONVERSION = YES;
				CLANG_WARN_OBJC_ROOT_CLASS = YES_ERROR;
				CLANG_WARN_RANGE_LOOP_ANALYSIS = YES;
				CLANG_WARN_STRICT_PROTOTYPES = YES;
				CLANG_WARN_SUSPICIOUS_MOVE = YES;
				CLANG_WARN_UNGUARDED_AVAILABILITY = YES_AGGRESSIVE;
				CLANG_WARN_UNREACHABLE_CODE = YES;
				CLANG_WARN__DUPLICATE_METHOD_MATCH = YES;
				CODE_SIGN_IDENTITY = "iPhone Developer";
				COPY_PHASE_STRIP = NO;
				DEBUG_INFORMATION_FORMAT = dwarf;
				ENABLE_STRICT_OBJC_MSGSEND = YES;
				ENABLE_TESTABILITY = YES;
				GCC_C_LANGUAGE_STANDARD = gnu11;
				GCC_DYNAMIC_NO_PIC = NO;
				GCC_NO_COMMON_BLOCKS = YES;
				GCC_OPTIMIZATION_LEVEL = 0;
				GCC_PREPROCESSOR_DEFINITIONS = (
					"DEBUG=1",
					"$(inherited)",
				);
				GCC_WARN_64_TO_32_BIT_CONVERSION = YES;
				GCC_WARN_ABOUT_RETURN_TYPE = YES_ERROR;
				GCC_WARN_UNDECLARED_SELECTOR = YES;
				GCC_WARN_UNINITIALIZED_AUTOS = YES_AGGRESSIVE;
				GCC_WARN_UNUSED_FUNCTION = YES;
				GCC_WARN_UNUSED_VARIABLE = YES;
				IPHONEOS_DEPLOYMENT_TARGET = 11.2;
				MTL_ENABLE_DEBUG_INFO = YES;
				ONLY_ACTIVE_ARCH = YES;
				SDKROOT = iphoneos;
				SWIFT_ACTIVE_COMPILATION_CONDITIONS = DEBUG;
				SWIFT_OPTIMIZATION_LEVEL = "-Onone";
			};
			name = Debug;
		};
		E87A36E01FE0767D003D6C1D /* Release */ = {
			isa = XCBuildConfiguration;
			buildSettings = {
				ALWAYS_SEARCH_USER_PATHS = NO;
				CLANG_ANALYZER_NONNULL = YES;
				CLANG_ANALYZER_NUMBER_OBJECT_CONVERSION = YES_AGGRESSIVE;
				CLANG_CXX_LANGUAGE_STANDARD = "gnu++14";
				CLANG_CXX_LIBRARY = "libc++";
				CLANG_ENABLE_MODULES = YES;
				CLANG_ENABLE_OBJC_ARC = YES;
				CLANG_WARN_BLOCK_CAPTURE_AUTORELEASING = YES;
				CLANG_WARN_BOOL_CONVERSION = YES;
				CLANG_WARN_COMMA = YES;
				CLANG_WARN_CONSTANT_CONVERSION = YES;
				CLANG_WARN_DIRECT_OBJC_ISA_USAGE = YES_ERROR;
				CLANG_WARN_DOCUMENTATION_COMMENTS = YES;
				CLANG_WARN_EMPTY_BODY = YES;
				CLANG_WARN_ENUM_CONVERSION = YES;
				CLANG_WARN_INFINITE_RECURSION = YES;
				CLANG_WARN_INT_CONVERSION = YES;
				CLANG_WARN_NON_LITERAL_NULL_CONVERSION = YES;
				CLANG_WARN_OBJC_LITERAL_CONVERSION = YES;
				CLANG_WARN_OBJC_ROOT_CLASS = YES_ERROR;
				CLANG_WARN_RANGE_LOOP_ANALYSIS = YES;
				CLANG_WARN_STRICT_PROTOTYPES = YES;
				CLANG_WARN_SUSPICIOUS_MOVE = YES;
				CLANG_WARN_UNGUARDED_AVAILABILITY = YES_AGGRESSIVE;
				CLANG_WARN_UNREACHABLE_CODE = YES;
				CLANG_WARN__DUPLICATE_METHOD_MATCH = YES;
				CODE_SIGN_IDENTITY = "iPhone Developer";
				COPY_PHASE_STRIP = NO;
				DEBUG_INFORMATION_FORMAT = "dwarf-with-dsym";
				ENABLE_NS_ASSERTIONS = NO;
				ENABLE_STRICT_OBJC_MSGSEND = YES;
				GCC_C_LANGUAGE_STANDARD = gnu11;
				GCC_NO_COMMON_BLOCKS = YES;
				GCC_WARN_64_TO_32_BIT_CONVERSION = YES;
				GCC_WARN_ABOUT_RETURN_TYPE = YES_ERROR;
				GCC_WARN_UNDECLARED_SELECTOR = YES;
				GCC_WARN_UNINITIALIZED_AUTOS = YES_AGGRESSIVE;
				GCC_WARN_UNUSED_FUNCTION = YES;
				GCC_WARN_UNUSED_VARIABLE = YES;
				IPHONEOS_DEPLOYMENT_TARGET = 11.2;
				MTL_ENABLE_DEBUG_INFO = NO;
				SDKROOT = iphoneos;
				SWIFT_OPTIMIZATION_LEVEL = "-Owholemodule";
				VALIDATE_PRODUCT = YES;
			};
			name = Release;
		};
		E87A36E21FE0767D003D6C1D /* Debug */ = {
			isa = XCBuildConfiguration;
			buildSettings = {
				ASSETCATALOG_COMPILER_APPICON_NAME = AppIcon;
				CODE_SIGN_STYLE = Automatic;
				DEVELOPMENT_TEAM = Y65JAZKR5L;
				INFOPLIST_FILE = MovieQuiz/Info.plist;
				LD_RUNPATH_SEARCH_PATHS = "$(inherited) @executable_path/Frameworks";
				PRODUCT_BUNDLE_IDENTIFIER = br.com.devmeister.MovieQuiz;
				PRODUCT_NAME = "$(TARGET_NAME)";
				SWIFT_VERSION = 4.0;
				TARGETED_DEVICE_FAMILY = "1,2";
			};
			name = Debug;
		};
		E87A36E31FE0767D003D6C1D /* Release */ = {
			isa = XCBuildConfiguration;
			buildSettings = {
				ASSETCATALOG_COMPILER_APPICON_NAME = AppIcon;
				CODE_SIGN_STYLE = Automatic;
				DEVELOPMENT_TEAM = Y65JAZKR5L;
				INFOPLIST_FILE = MovieQuiz/Info.plist;
				LD_RUNPATH_SEARCH_PATHS = "$(inherited) @executable_path/Frameworks";
				PRODUCT_BUNDLE_IDENTIFIER = br.com.devmeister.MovieQuiz;
				PRODUCT_NAME = "$(TARGET_NAME)";
				SWIFT_VERSION = 4.0;
				TARGETED_DEVICE_FAMILY = "1,2";
			};
			name = Release;
		};
/* End XCBuildConfiguration section */

/* Begin XCConfigurationList section */
		E87A36CA1FE0767D003D6C1D /* Build configuration list for PBXProject "MovieQuiz" */ = {
			isa = XCConfigurationList;
			buildConfigurations = (
				E87A36DF1FE0767D003D6C1D /* Debug */,
				E87A36E01FE0767D003D6C1D /* Release */,
			);
			defaultConfigurationIsVisible = 0;
			defaultConfigurationName = Release;
		};
		E87A36E11FE0767D003D6C1D /* Build configuration list for PBXNativeTarget "MovieQuiz" */ = {
			isa = XCConfigurationList;
			buildConfigurations = (
				E87A36E21FE0767D003D6C1D /* Debug */,
				E87A36E31FE0767D003D6C1D /* Release */,
			);
			defaultConfigurationIsVisible = 0;
			defaultConfigurationName = Release;
		};
/* End XCConfigurationList section */
	};
	rootObject = E87A36C71FE0767D003D6C1D /* Project object */;
}
